{
  "name": "node-red-contrib-writeexif",
  "version": "1.0.1",
  "lockfileVersion": 1,
  "requires": true,
  "dependencies": {
    "batch-cluster": {
      "version": "5.10.0",
      "resolved": "https://registry.npmjs.org/batch-cluster/-/batch-cluster-5.10.0.tgz",
      "integrity": "sha512-wE6v+52qDM5mI95ap/NSyOklKldbLy+dfN3A5mJwiF76qMozAfH3ydR7pqEkPUHlqnCmKfJl4bGcUyq5WRsBnQ=="
    },
    "exiftool-vendored": {
      "version": "11.1.0",
      "resolved": "https://registry.npmjs.org/exiftool-vendored/-/exiftool-vendored-11.1.0.tgz",
      "integrity": "sha512-4ZIgre5VCGRU080w2vedljQi+bETSR90PibixUB6wyosxIsyuwykCIohCDtqpp3nLmijAbxKGcQz+ER9Sl1gyg==",
      "requires": {
        "batch-cluster": "^5.10.0",
        "exiftool-vendored.exe": "^11.93.0",
        "exiftool-vendored.pl": "^11.93.0",
        "luxon": "^1.23.0",
        "tz-lookup": "^6.1.25"
      }
    },
    "exiftool-vendored.exe": {
      "version": "11.93.0",
      "resolved": "https://registry.npmjs.org/exiftool-vendored.exe/-/exiftool-vendored.exe-11.93.0.tgz",
      "integrity": "sha512-QSmvNKt9fKVB+/7Qu8EsgQ5tMSQjBiujSIRS36x6o1WA43J7mD9fWqegogM8J7+CMs1VVTWL4lROkPK5SYxdvw==",
      "optional": true
    },
    "exiftool-vendored.pl": {
      "version": "11.93.0",
      "resolved": "https://registry.npmjs.org/exiftool-vendored.pl/-/exiftool-vendored.pl-11.93.0.tgz",
      "integrity": "sha512-BNL5VbWvpcWvKOc37TSOWE7QSjemZx4JP/lXdBx4KXAey9JivHs0tN+kElxCZEsyomE0E63OwrBgjK590EKKng==",
      "optional": true
    },
    "luxon": {
      "version": "1.28.1",
      "resolved": "https://registry.npmjs.org/luxon/-/luxon-1.28.1.tgz",
      "integrity": "sha512-gYHAa180mKrNIUJCbwpmD0aTu9kV0dREDrwNnuyFAsO1Wt0EVYSZelPnJlbj9HplzXX/YWXHFTL45kvZ53M0pw=="
    },
    "tz-lookup": {
      "version": "6.1.25",
      "resolved": "https://registry.npmjs.org/tz-lookup/-/tz-lookup-6.1.25.tgz",
      "integrity": "sha512-fFewT9o1uDzsW1QnUU1ValqaihFnwiUiiHr1S79/fxOzKXYYvX+EHeRnpvQJ9B3Qg67wPXT6QF2Esc4pFOrvLg=="
    }
  }
}
